Microsoft Visual Studio Solution File, Format Version 11.00
# Visual Studio 2008

Project("{2088C114-E5FD-4D13-6F31-E22B0C3FEA2D}") = "FollowIA", "Assembly-CSharp.csproj", "{F8497647-FE5A-AE4F-3E64-DFB951EFE4F5}"
EndProject
Global
	GlobalSection(SolutionConfigurationPlatforms) = preSolution
		Debug|Any CPU = Debug|Any CPU
		Release|Any CPU = Release|Any CPU
	EndGlobalSection
	GlobalSection(ProjectConfigurationPlatforms) = postSolution
		{F8497647-FE5A-AE4F-3E64-DFB951EFE4F5}.Debug|Any CPU.ActiveCfg = Debug|Any CPU
		{F8497647-FE5A-AE4F-3E64-DFB951EFE4F5}.Debug|Any CPU.Build.0 = Debug|Any CPU
		{F8497647-FE5A-AE4F-3E64-DFB951EFE4F5}.Release|Any CPU.ActiveCfg = Release|Any CPU
		{F8497647-FE5A-AE4F-3E64-DFB951EFE4F5}.Release|Any CPU.Build.0 = Release|Any CPU
	EndGlobalSection
	GlobalSection(SolutionProperties) = preSolution
		HideSolutionNode = FALSE
	EndGlobalSection
	GlobalSection(MonoDevelopProperties) = preSolution
		StartupItem = Assembly-CSharp.csproj
	EndGlobalSection
EndGlobal
